# THIS IS AN AUTOGENERATED FILE. DO NOT EDIT THIS FILE DIRECTLY.
# yarn lockfile v1


catdv@^3.7.0:
  version "3.7.0"
  resolved "https://registry.yarnpkg.com/catdv/-/catdv-3.7.0.tgz#6f742d0f7fc9a1653ffb331e245eb04b1e5fa634"
  integrity sha512-E4fSWNQ2PKW1ck7cgC9JHREa5nPut1HVtgUNPM6c5WCb1Z9Fgc5gSImigc50uXqOabK0a0J1wxDMTmJOSF7gRw==
